
Microsoft Visual Studio Solution File, Format Version 12.00
# Visual Studio Version 17
VisualStudioVersion = 17.5.002.0
MinimumVisualStudioVersion = 10.0.40219.1
Project("{9A19103F-16F7-4668-BE54-9A1E7A4F7556}") = "Reductio", "Reductio.csproj", "{45276E1C-BD90-4DD5-8B8D-7E4D8B606BB1}"
EndProject
Global
	GlobalSection(SolutionConfigurationPlatforms) = preSolution
		Debug|Any CPU = Debug|Any CPU
		Release|Any CPU = Release|Any CPU
	EndGlobalSection
	GlobalSection(ProjectConfigurationPlatforms) = postSolution
		{45276E1C-BD90-4DD5-8B8D-7E4D8B606BB1}.Debug|Any CPU.ActiveCfg = Debug|Any CPU
		{45276E1C-BD90-4DD5-8B8D-7E4D8B606BB1}.Debug|Any CPU.Build.0 = Debug|Any CPU
		{45276E1C-BD90-4DD5-8B8D-7E4D8B606BB1}.Release|Any CPU.ActiveCfg = Release|Any CPU
		{45276E1C-BD90-4DD5-8B8D-7E4D8B606BB1}.Release|Any CPU.Build.0 = Release|Any CPU
	EndGlobalSection
	GlobalSection(SolutionProperties) = preSolution
		HideSolutionNode = FALSE
	EndGlobalSection
	GlobalSection(ExtensibilityGlobals) = postSolution
		SolutionGuid = {C63D38D9-9824-4A62-81DA-F7EB2FED8E34}
	EndGlobalSection
EndGlobal
